
Microsoft Visual Studio Solution File, Format Version 12.00
# Visual Studio Version 16
VisualStudioVersion = 16.0.30611.23
MinimumVisualStudioVersion = 10.0.40219.1
Project("{FAE04EC0-301F-11D3-BF4B-00C04F79EFBC}") = "eTickets", "eTickets\eTickets.csproj", "{8299EE05-81CC-4DAA-AA23-85C7B7E532C2}"
EndProject
Global
	GlobalSection(SolutionConfigurationPlatforms) = preSolution
		Debug|Any CPU = Debug|Any CPU
		Release|Any CPU = Release|Any CPU
	EndGlobalSection
	GlobalSection(ProjectConfigurationPlatforms) = postSolution
		{8299EE05-81CC-4DAA-AA23-85C7B7E532C2}.Debug|Any CPU.ActiveCfg = Debug|Any CPU
		{8299EE05-81CC-4DAA-AA23-85C7B7E532C2}.Debug|Any CPU.Build.0 = Debug|Any CPU
		{8299EE05-81CC-4DAA-AA23-85C7B7E532C2}.Release|Any CPU.ActiveCfg = Release|Any CPU
		{8299EE05-81CC-4DAA-AA23-85C7B7E532C2}.Release|Any CPU.Build.0 = Release|Any CPU
	EndGlobalSection
	GlobalSection(SolutionProperties) = preSolution
		HideSolutionNode = FALSE
	EndGlobalSection
	GlobalSection(ExtensibilityGlobals) = postSolution
		SolutionGuid = {EC5F67AB-3A41-4EBE-AB39-6C2072C418C8}
	EndGlobalSection
EndGlobal
